// !$*UTF8*$!
{
	archiveVersion = 1;
	classes = {
	};
	objectVersion = 46;
	objects = {

/* Begin PBXBuildFile section */
		8AE7B62E7C546AF1BC919FAB /* libPods-LPFooterTextBarDemo.a in Frameworks */ = {isa = PBXBuildFile; fileRef = 69521F1E7EA33E4EC8BF0A3D /* libPods-LPFooterTextBarDemo.a */; };
		AF1CB5CE1C7AB18700EFC14D /* LPFooterTextItem.m in Sources */ = {isa = PBXBuildFile; fileRef = AF1CB5CD1C7AB18700EFC14D /* LPFooterTextItem.m */; };
		AF3EA2E41C7473A50061F80A /* main.m in Sources */ = {isa = PBXBuildFile; fileRef = AF3EA2E31C7473A50061F80A /* main.m */; };
		AF3EA2E71C7473A50061F80A /* AppDelegate.m in Sources */ = {isa = PBXBuildFile; fileRef = AF3EA2E61C7473A50061F80A /* AppDelegate.m */; };
		AF3EA2EA1C7473A50061F80A /* ViewController.m in Sources */ = {isa = PBXBuildFile; fileRef = AF3EA2E91C7473A50061F80A /* ViewController.m */; };
		AF3EA2EF1C7473A50061F80A /* Assets.xcassets in Resources */ = {isa = PBXBuildFile; fileRef = AF3EA2EE1C7473A50061F80A /* Assets.xcassets */; };
		AF3EA3091C7478F60061F80A /* LPTextView.m in Sources */ = {isa = PBXBuildFile; fileRef = AF3EA3081C7478F60061F80A /* LPTextView.m */; };
		AF3EA30C1C7479AF0061F80A /* LPFooterTextView.m in Sources */ = {isa = PBXBuildFile; fileRef = AF3EA30B1C7479AF0061F80A /* LPFooterTextView.m */; };
		AF3EA30F1C747A4C0061F80A /* LPFooterTextBar.m in Sources */ = {isa = PBXBuildFile; fileRef = AF3EA30E1C747A4C0061F80A /* LPFooterTextBar.m */; };
		AFF6A8F51C7EDE7100423E76 /* 1.png in Resources */ = {isa = PBXBuildFile; fileRef = AFF6A8F41C7EDE7100423E76 /* 1.png */; };
/* End PBXBuildFile section */

/* Begin PBXFileReference section */
		69521F1E7EA33E4EC8BF0A3D /* libPods-LPFooterTextBarDemo.a */ = {isa = PBXFileReference; explicitFileType = archive.ar; includeInIndex = 0; path = "libPods-LPFooterTextBarDemo.a"; sourceTree = BUILT_PRODUCTS_DIR; };
		AF1CB5CC1C7AB18700EFC14D /* LPFooterTextItem.h */ = {isa = PBXFileReference; fileEncoding = 4; lastKnownFileType = sourcecode.c.h; path = LPFooterTextItem.h; sourceTree = "<group>"; };
		AF1CB5CD1C7AB18700EFC14D /* LPFooterTextItem.m */ = {isa = PBXFileReference; fileEncoding = 4; lastKnownFileType = sourcecode.c.objc; path = LPFooterTextItem.m; sourceTree = "<group>"; };
		AF3EA2DF1C7473A50061F80A /* LPFooterTextBarDemo.app */ = {isa = PBXFileReference; explicitFileType = wrapper.application; includeInIndex = 0; path = LPFooterTextBarDemo.app; sourceTree = BUILT_PRODUCTS_DIR; };
		AF3EA2E31C7473A50061F80A /* main.m */ = {isa = PBXFileReference; lastKnownFileType = sourcecode.c.objc; path = main.m; sourceTree = "<group>"; };
		AF3EA2E51C7473A50061F80A /* AppDelegate.h */ = {isa = PBXFileReference; lastKnownFileType = sourcecode.c.h; path = AppDelegate.h; sourceTree = "<group>"; };
		AF3EA2E61C7473A50061F80A /* AppDelegate.m */ = {isa = PBXFileReference; lastKnownFileType = sourcecode.c.objc; path = AppDelegate.m; sourceTree = "<group>"; };
		AF3EA2E81C7473A50061F80A /* ViewController.h */ = {isa = PBXFileReference; lastKnownFileType = sourcecode.c.h; path = ViewController.h; sourceTree = "<group>"; };
		AF3EA2E91C7473A50061F80A /* ViewController.m */ = {isa = PBXFileReference; lastKnownFileType = sourcecode.c.objc; path = ViewController.m; sourceTree = "<group>"; };
		AF3EA2EE1C7473A50061F80A /* Assets.xcassets */ = {isa = PBXFileReference; lastKnownFileType = folder.assetcatalog; path = Assets.xcassets; sourceTree = "<group>"; };
		AF3EA2F31C7473A50061F80A /* Info.plist */ = {isa = PBXFileReference; lastKnownFileType = text.plist.xml; path = Info.plist; sourceTree = "<group>"; };
		AF3EA3071C7478F60061F80A /* LPTextView.h */ = {isa = PBXFileReference; fileEncoding = 4; lastKnownFileType = sourcecode.c.h; path = LPTextView.h; sourceTree = "<group>"; };
		AF3EA3081C7478F60061F80A /* LPTextView.m */ = {isa = PBXFileReference; fileEncoding = 4; lastKnownFileType = sourcecode.c.objc; path = LPTextView.m; sourceTree = "<group>"; };
		AF3EA30A1C7479AF0061F80A /* LPFooterTextView.h */ = {isa = PBXFileReference; fileEncoding = 4; lastKnownFileType = sourcecode.c.h; path = LPFooterTextView.h; sourceTree = "<group>"; };
		AF3EA30B1C7479AF0061F80A /* LPFooterTextView.m */ = {isa = PBXFileReference; fileEncoding = 4; lastKnownFileType = sourcecode.c.objc; path = LPFooterTextView.m; sourceTree = "<group>"; };
		AF3EA30D1C747A4C0061F80A /* LPFooterTextBar.h */ = {isa = PBXFileReference; fileEncoding = 4; lastKnownFileType = sourcecode.c.h; path = LPFooterTextBar.h; sourceTree = "<group>"; };
		AF3EA30E1C747A4C0061F80A /* LPFooterTextBar.m */ = {isa = PBXFileReference; fileEncoding = 4; lastKnownFileType = sourcecode.c.objc; path = LPFooterTextBar.m; sourceTree = "<group>"; };
		AFF6A8F41C7EDE7100423E76 /* 1.png */ = {isa = PBXFileReference; lastKnownFileType = image.png; path = 1.png; sourceTree = "<group>"; };
		E66A13A677420B6B343E6CDB /* Pods-LPFooterTextBarDemo.debug.xcconfig */ = {isa = PBXFileReference; includeInIndex = 1; lastKnownFileType = text.xcconfig; name = "Pods-LPFooterTextBarDemo.debug.xcconfig"; path = "Pods/Target Support Files/Pods-LPFooterTextBarDemo/Pods-LPFooterTextBarDemo.debug.xcconfig"; sourceTree = "<group>"; };
		FBA9A96EA4CFD7AC114CD5BC /* Pods-LPFooterTextBarDemo.release.xcconfig */ = {isa = PBXFileReference; includeInIndex = 1; lastKnownFileType = text.xcconfig; name = "Pods-LPFooterTextBarDemo.release.xcconfig"; path = "Pods/Target Support Files/Pods-LPFooterTextBarDemo/Pods-LPFooterTextBarDemo.release.xcconfig"; sourceTree = "<group>"; };
/* End PBXFileReference section */

/* Begin PBXFrameworksBuildPhase section */
		AF3EA2DC1C7473A50061F80A /* Frameworks */ = {
			isa = PBXFrameworksBuildPhase;
			buildActionMask = 2147483647;
			files = (
				8AE7B62E7C546AF1BC919FAB /* libPods-LPFooterTextBarDemo.a in Frameworks */,
			);
			runOnlyForDeploymentPostprocessing = 0;
		};
/* End PBXFrameworksBuildPhase section */

/* Begin PBXGroup section */
		5D088D46754C04ACC51CFEDF /* Frameworks */ = {
			isa = PBXGroup;
			children = (
				69521F1E7EA33E4EC8BF0A3D /* libPods-LPFooterTextBarDemo.a */,
			);
			name = Frameworks;
			sourceTree = "<group>";
		};
		AF3EA2D61C7473A50061F80A = {
			isa = PBXGroup;
			children = (
				AF3EA3061C7478C90061F80A /* LPFooterTextBar */,
				AF3EA2E11C7473A50061F80A /* LPFooterTextBarDemo */,
				AF3EA2E01C7473A50061F80A /* Products */,
				E8909BE5D524E716B75976E0 /* Pods */,
				5D088D46754C04ACC51CFEDF /* Frameworks */,
			);
			sourceTree = "<group>";
		};
		AF3EA2E01C7473A50061F80A /* Products */ = {
			isa = PBXGroup;
			children = (
				AF3EA2DF1C7473A50061F80A /* LPFooterTextBarDemo.app */,
			);
			name = Products;
			sourceTree = "<group>";
		};
		AF3EA2E11C7473A50061F80A /* LPFooterTextBarDemo */ = {
			isa = PBXGroup;
			children = (
				AF3EA2E51C7473A50061F80A /* AppDelegate.h */,
				AF3EA2E61C7473A50061F80A /* AppDelegate.m */,
				AF3EA2E81C7473A50061F80A /* ViewController.h */,
				AF3EA2E91C7473A50061F80A /* ViewController.m */,
				AF3EA2EE1C7473A50061F80A /* Assets.xcassets */,
				AF3EA2F31C7473A50061F80A /* Info.plist */,
				AF3EA2E21C7473A50061F80A /* Supporting Files */,
			);
			path = LPFooterTextBarDemo;
			sourceTree = "<group>";
		};
		AF3EA2E21C7473A50061F80A /* Supporting Files */ = {
			isa = PBXGroup;
			children = (
				AFF6A8F41C7EDE7100423E76 /* 1.png */,
				AF3EA2E31C7473A50061F80A /* main.m */,
			);
			name = "Supporting Files";
			sourceTree = "<group>";
		};
		AF3EA3061C7478C90061F80A /* LPFooterTextBar */ = {
			isa = PBXGroup;
			children = (
				AF1CB5CC1C7AB18700EFC14D /* LPFooterTextItem.h */,
				AF1CB5CD1C7AB18700EFC14D /* LPFooterTextItem.m */,
				AF3EA30D1C747A4C0061F80A /* LPFooterTextBar.h */,
				AF3EA30E1C747A4C0061F80A /* LPFooterTextBar.m */,
				AF3EA30A1C7479AF0061F80A /* LPFooterTextView.h */,
				AF3EA30B1C7479AF0061F80A /* LPFooterTextView.m */,
				AF3EA3071C7478F60061F80A /* LPTextView.h */,
				AF3EA3081C7478F60061F80A /* LPTextView.m */,
			);
			name = LPFooterTextBar;
			path = ../LPFooterTextBar;
			sourceTree = "<group>";
		};
		E8909BE5D524E716B75976E0 /* Pods */ = {
			isa = PBXGroup;
			children = (
				E66A13A677420B6B343E6CDB /* Pods-LPFooterTextBarDemo.debug.xcconfig */,
				FBA9A96EA4CFD7AC114CD5BC /* Pods-LPFooterTextBarDemo.release.xcconfig */,
			);
			name = Pods;
			sourceTree = "<group>";
		};
/* End PBXGroup section */

/* Begin PBXNativeTarget section */
		AF3EA2DE1C7473A50061F80A /* LPFooterTextBarDemo */ = {
			isa = PBXNativeTarget;
			buildConfigurationList = AF3EA2F61C7473A50061F80A /* Build configuration list for PBXNativeTarget "LPFooterTextBarDemo" */;
			buildPhases = (
				02841B4B8D275273F9EF31EC /* Check Pods Manifest.lock */,
				AF3EA2DB1C7473A50061F80A /* Sources */,
				AF3EA2DC1C7473A50061F80A /* Frameworks */,
				AF3EA2DD1C7473A50061F80A /* Resources */,
				4A57A59329D398D7DFC39AEB /* Copy Pods Resources */,
			);
			buildRules = (
			);
			dependencies = (
			);
			name = LPFooterTextBarDemo;
			productName = LPFooterTextBarDemo;
			productReference = AF3EA2DF1C7473A50061F80A /* LPFooterTextBarDemo.app */;
			productType = "com.apple.product-type.application";
		};
/* End PBXNativeTarget section */

/* Begin PBXProject section */
		AF3EA2D71C7473A50061F80A /* Project object */ = {
			isa = PBXProject;
			attributes = {
				LastUpgradeCheck = 0720;
				ORGANIZATIONNAME = loopeer;
				TargetAttributes = {
					AF3EA2DE1C7473A50061F80A = {
						CreatedOnToolsVersion = 7.2.1;
						DevelopmentTeam = RR838T8FGP;
					};
				};
			};
			buildConfigurationList = AF3EA2DA1C7473A50061F80A /* Build configuration list for PBXProject "LPFooterTextBarDemo" */;
			compatibilityVersion = "Xcode 3.2";
			developmentRegion = English;
			hasScannedForEncodings = 0;
			knownRegions = (
				en,
				Base,
			);
			mainGroup = AF3EA2D61C7473A50061F80A;
			productRefGroup = AF3EA2E01C7473A50061F80A /* Products */;
			projectDirPath = "";
			projectRoot = "";
			targets = (
				AF3EA2DE1C7473A50061F80A /* LPFooterTextBarDemo */,
			);
		};
/* End PBXProject section */

/* Begin PBXResourcesBuildPhase section */
		AF3EA2DD1C7473A50061F80A /* Resources */ = {
			isa = PBXResourcesBuildPhase;
			buildActionMask = 2147483647;
			files = (
				AF3EA2EF1C7473A50061F80A /* Assets.xcassets in Resources */,
				AFF6A8F51C7EDE7100423E76 /* 1.png in Resources */,
			);
			runOnlyForDeploymentPostprocessing = 0;
		};
/* End PBXResourcesBuildPhase section */

/* Begin PBXShellScriptBuildPhase section */
		02841B4B8D275273F9EF31EC /* Check Pods Manifest.lock */ = {
			isa = PBXShellScriptBuildPhase;
			buildActionMask = 2147483647;
			files = (
			);
			inputPaths = (
			);
			name = "Check Pods Manifest.lock";
			outputPaths = (
			);
			runOnlyForDeploymentPostprocessing = 0;
			shellPath = /bin/sh;
			shellScript = "diff \"${PODS_ROOT}/../Podfile.lock\" \"${PODS_ROOT}/Manifest.lock\" > /dev/null\nif [[ $? != 0 ]] ; then\n    cat << EOM\nerror: The sandbox is not in sync with the Podfile.lock. Run 'pod install' or update your CocoaPods installation.\nEOM\n    exit 1\nfi\n";
			showEnvVarsInLog = 0;
		};
		4A57A59329D398D7DFC39AEB /* Copy Pods Resources */ = {
			isa = PBXShellScriptBuildPhase;
			buildActionMask = 2147483647;
			files = (
			);
			inputPaths = (
			);
			name = "Copy Pods Resources";
			outputPaths = (
			);
			runOnlyForDeploymentPostprocessing = 0;
			shellPath = /bin/sh;
			shellScript = "\"${SRCROOT}/Pods/Target Support Files/Pods-LPFooterTextBarDemo/Pods-LPFooterTextBarDemo-resources.sh\"\n";
			showEnvVarsInLog = 0;
		};
/* End PBXShellScriptBuildPhase section */

/* Begin PBXSourcesBuildPhase section */
		AF3EA2DB1C7473A50061F80A /* Sources */ = {
			isa = PBXSourcesBuildPhase;
			buildActionMask = 2147483647;
			files = (
				AF1CB5CE1C7AB18700EFC14D /* LPFooterTextItem.m in Sources */,
				AF3EA2EA1C7473A50061F80A /* ViewController.m in Sources */,
				AF3EA30F1C747A4C0061F80A /* LPFooterTextBar.m in Sources */,
				AF3EA2E71C7473A50061F80A /* AppDelegate.m in Sources */,
				AF3EA2E41C7473A50061F80A /* main.m in Sources */,
				AF3EA30C1C7479AF0061F80A /* LPFooterTextView.m in Sources */,
				AF3EA3091C7478F60061F80A /* LPTextView.m in Sources */,
			);
			runOnlyForDeploymentPostprocessing = 0;
		};
/* End PBXSourcesBuildPhase section */

/* Begin XCBuildConfiguration section */
		AF3EA2F41C7473A50061F80A /* Debug */ = {
			isa = XCBuildConfiguration;
			buildSettings = {
				ALWAYS_SEARCH_USER_PATHS = NO;
				CLANG_CXX_LANGUAGE_STANDARD = "gnu++0x";
				CLANG_CXX_LIBRARY = "libc++";
				CLANG_ENABLE_MODULES = YES;
				CLANG_ENABLE_OBJC_ARC = YES;
				CLANG_WARN_BOOL_CONVERSION = YES;
				CLANG_WARN_CONSTANT_CONVERSION = YES;
				CLANG_WARN_DIRECT_OBJC_ISA_USAGE = YES_ERROR;
				CLANG_WARN_EMPTY_BODY = YES;
				CLANG_WARN_ENUM_CONVERSION = YES;
				CLANG_WARN_INT_CONVERSION = YES;
				CLANG_WARN_OBJC_ROOT_CLASS = YES_ERROR;
				CLANG_WARN_UNREACHABLE_CODE = YES;
				CLANG_WARN__DUPLICATE_METHOD_MATCH = YES;
				"CODE_SIGN_IDENTITY[sdk=iphoneos*]" = "iPhone Developer";
				COPY_PHASE_STRIP = NO;
				DEBUG_INFORMATION_FORMAT = dwarf;
				ENABLE_STRICT_OBJC_MSGSEND = YES;
				ENABLE_TESTABILITY = YES;
				GCC_C_LANGUAGE_STANDARD = gnu99;
				GCC_DYNAMIC_NO_PIC = NO;
				GCC_NO_COMMON_BLOCKS = YES;
				GCC_OPTIMIZATION_LEVEL = 0;
				GCC_PREPROCESSOR_DEFINITIONS = (
					"DEBUG=1",
					"$(inherited)",
				);
				GCC_WARN_64_TO_32_BIT_CONVERSION = YES;
				GCC_WARN_ABOUT_RETURN_TYPE = YES_ERROR;
				GCC_WARN_UNDECLARED_SELECTOR = YES;
				GCC_WARN_UNINITIALIZED_AUTOS = YES_AGGRESSIVE;
				GCC_WARN_UNUSED_FUNCTION = YES;
				GCC_WARN_UNUSED_VARIABLE = YES;
				IPHONEOS_DEPLOYMENT_TARGET = 9.2;
				MTL_ENABLE_DEBUG_INFO = YES;
				ONLY_ACTIVE_ARCH = YES;
				SDKROOT = iphoneos;
			};
			name = Debug;
		};
		AF3EA2F51C7473A50061F80A /* Release */ = {
			isa = XCBuildConfiguration;
			buildSettings = {
				ALWAYS_SEARCH_USER_PATHS = NO;
				CLANG_CXX_LANGUAGE_STANDARD = "gnu++0x";
				CLANG_CXX_LIBRARY = "libc++";
				CLANG_ENABLE_MODULES = YES;
				CLANG_ENABLE_OBJC_ARC = YES;
				CLANG_WARN_BOOL_CONVERSION = YES;
				CLANG_WARN_CONSTANT_CONVERSION = YES;
				CLANG_WARN_DIRECT_OBJC_ISA_USAGE = YES_ERROR;
				CLANG_WARN_EMPTY_BODY = YES;
				CLANG_WARN_ENUM_CONVERSION = YES;
				CLANG_WARN_INT_CONVERSION = YES;
				CLANG_WARN_OBJC_ROOT_CLASS = YES_ERROR;
				CLANG_WARN_UNREACHABLE_CODE = YES;
				CLANG_WARN__DUPLICATE_METHOD_MATCH = YES;
				"CODE_SIGN_IDENTITY[sdk=iphoneos*]" = "iPhone Developer";
				COPY_PHASE_STRIP = NO;
				DEBUG_INFORMATION_FORMAT = "dwarf-with-dsym";
				ENABLE_NS_ASSERTIONS = NO;
				ENABLE_STRICT_OBJC_MSGSEND = YES;
				GCC_C_LANGUAGE_STANDARD = gnu99;
				GCC_NO_COMMON_BLOCKS = YES;
				GCC_WARN_64_TO_32_BIT_CONVERSION = YES;
				GCC_WARN_ABOUT_RETURN_TYPE = YES_ERROR;
				GCC_WARN_UNDECLARED_SELECTOR = YES;
				GCC_WARN_UNINITIALIZED_AUTOS = YES_AGGRESSIVE;
				GCC_WARN_UNUSED_FUNCTION = YES;
				GCC_WARN_UNUSED_VARIABLE = YES;
				IPHONEOS_DEPLOYMENT_TARGET = 9.2;
				MTL_ENABLE_DEBUG_INFO = NO;
				SDKROOT = iphoneos;
				VALIDATE_PRODUCT = YES;
			};
			name = Release;
		};
		AF3EA2F71C7473A50061F80A /* Debug */ = {
			isa = XCBuildConfiguration;
			baseConfigurationReference = E66A13A677420B6B343E6CDB /* Pods-LPFooterTextBarDemo.debug.xcconfig */;
			buildSettings = {
				ASSETCATALOG_COMPILER_APPICON_NAME = AppIcon;
				ASSETCATALOG_COMPILER_LAUNCHIMAGE_NAME = "Brand Assets";
				CODE_SIGN_IDENTITY = "iPhone Developer";
				INFOPLIST_FILE = LPFooterTextBarDemo/Info.plist;
				IPHONEOS_DEPLOYMENT_TARGET = 7.0;
				LD_RUNPATH_SEARCH_PATHS = "$(inherited) @executable_path/Frameworks";
				PRODUCT_BUNDLE_IDENTIFIER = com.loopeer.LPFooterTextBarDemo;
				PRODUCT_NAME = "$(TARGET_NAME)";
			};
			name = Debug;
		};
		AF3EA2F81C7473A50061F80A /* Release */ = {
			isa = XCBuildConfiguration;
			baseConfigurationReference = FBA9A96EA4CFD7AC114CD5BC /* Pods-LPFooterTextBarDemo.release.xcconfig */;
			buildSettings = {
				ASSETCATALOG_COMPILER_APPICON_NAME = AppIcon;
				ASSETCATALOG_COMPILER_LAUNCHIMAGE_NAME = "Brand Assets";
				CODE_SIGN_IDENTITY = "iPhone Developer";
				INFOPLIST_FILE = LPFooterTextBarDemo/Info.plist;
				IPHONEOS_DEPLOYMENT_TARGET = 7.0;
				LD_RUNPATH_SEARCH_PATHS = "$(inherited) @executable_path/Frameworks";
				PRODUCT_BUNDLE_IDENTIFIER = com.loopeer.LPFooterTextBarDemo;
				PRODUCT_NAME = "$(TARGET_NAME)";
			};
			name = Release;
		};
/* End XCBuildConfiguration section */

/* Begin XCConfigurationList section */
		AF3EA2DA1C7473A50061F80A /* Build configuration list for PBXProject "LPFooterTextBarDemo" */ = {
			isa = XCConfigurationList;
			buildConfigurations = (
				AF3EA2F41C7473A50061F80A /* Debug */,
				AF3EA2F51C7473A50061F80A /* Release */,
			);
			defaultConfigurationIsVisible = 0;
			defaultConfigurationName = Release;
		};
		AF3EA2F61C7473A50061F80A /* Build configuration list for PBXNativeTarget "LPFooterTextBarDemo" */ = {
			isa = XCConfigurationList;
			buildConfigurations = (
				AF3EA2F71C7473A50061F80A /* Debug */,
				AF3EA2F81C7473A50061F80A /* Release */,
			);
			defaultConfigurationIsVisible = 0;
			defaultConfigurationName = Release;
		};
/* End XCConfigurationList section */
	};
	rootObject = AF3EA2D71C7473A50061F80A /* Project object */;
}
